github.com/PeiHongbing1223/Go-learn/go_dev_doc/Tutorial_Getting_started/greetings v0.0.0-20240205115616-7f77848e89e1 h1:kqX9suxKp3cUWecT2WX78d4H4S19zQiUEWHqGEN8Op8=
github.com/PeiHongbing1223/Go-learn/go_dev_doc/Tutorial_Getting_started/greetings v0.0.0-20240205115616-7f77848e89e1/go.mod h1:L524ruFs+jgFDioJuIwNNL3CBDVzUYThxZTitunxreI=
